
Microsoft Visual Studio Solution File, Format Version 12.00
# Visual Studio 14
VisualStudioVersion = 14.0.25420.1
MinimumVisualStudioVersion = 10.0.40219.1
Project("{FAE04EC0-301F-11D3-BF4B-00C04F79EFBC}") = "Avalia.View", "Avalia\Avalia.View.csproj", "{447A395E-5729-48AA-AE56-2CA3A70F1D8A}"
EndProject
Project("{FAE04EC0-301F-11D3-BF4B-00C04F79EFBC}") = "Avalia.Model", "Avalia.Model\Avalia.Model.csproj", "{56EB78A8-5D59-44E6-A221-836F8239E865}"
EndProject
Project("{FAE04EC0-301F-11D3-BF4B-00C04F79EFBC}") = "Avalia.DTO", "Avalia.DTO\Avalia.DTO.csproj", "{BCDC4EB8-F913-4D34-9C5E-B89AEF905E7B}"
EndProject
Project("{FAE04EC0-301F-11D3-BF4B-00C04F79EFBC}") = "Avalia.DAO", "Avalia.DAO\Avalia.DAO.csproj", "{1E767636-ABF7-48C5-90CA-316B1CD57B7D}"
EndProject
Global
	GlobalSection(SolutionConfigurationPlatforms) = preSolution
		Debug|Any CPU = Debug|Any CPU
		Release|Any CPU = Release|Any CPU
	EndGlobalSection
	GlobalSection(ProjectConfigurationPlatforms) = postSolution
		{447A395E-5729-48AA-AE56-2CA3A70F1D8A}.Debug|Any CPU.ActiveCfg = Debug|Any CPU
		{447A395E-5729-48AA-AE56-2CA3A70F1D8A}.Debug|Any CPU.Build.0 = Debug|Any CPU
		{447A395E-5729-48AA-AE56-2CA3A70F1D8A}.Release|Any CPU.ActiveCfg = Release|Any CPU
		{447A395E-5729-48AA-AE56-2CA3A70F1D8A}.Release|Any CPU.Build.0 = Release|Any CPU
		{56EB78A8-5D59-44E6-A221-836F8239E865}.Debug|Any CPU.ActiveCfg = Debug|Any CPU
		{56EB78A8-5D59-44E6-A221-836F8239E865}.Debug|Any CPU.Build.0 = Debug|Any CPU
		{56EB78A8-5D59-44E6-A221-836F8239E865}.Release|Any CPU.ActiveCfg = Release|Any CPU
		{56EB78A8-5D59-44E6-A221-836F8239E865}.Release|Any CPU.Build.0 = Release|Any CPU
		{BCDC4EB8-F913-4D34-9C5E-B89AEF905E7B}.Debug|Any CPU.ActiveCfg = Debug|Any CPU
		{BCDC4EB8-F913-4D34-9C5E-B89AEF905E7B}.Debug|Any CPU.Build.0 = Debug|Any CPU
		{BCDC4EB8-F913-4D34-9C5E-B89AEF905E7B}.Release|Any CPU.ActiveCfg = Release|Any CPU
		{BCDC4EB8-F913-4D34-9C5E-B89AEF905E7B}.Release|Any CPU.Build.0 = Release|Any CPU
		{1E767636-ABF7-48C5-90CA-316B1CD57B7D}.Debug|Any CPU.ActiveCfg = Debug|Any CPU
		{1E767636-ABF7-48C5-90CA-316B1CD57B7D}.Debug|Any CPU.Build.0 = Debug|Any CPU
		{1E767636-ABF7-48C5-90CA-316B1CD57B7D}.Release|Any CPU.ActiveCfg = Release|Any CPU
		{1E767636-ABF7-48C5-90CA-316B1CD57B7D}.Release|Any CPU.Build.0 = Release|Any CPU
	EndGlobalSection
	GlobalSection(SolutionProperties) = preSolution
		HideSolutionNode = FALSE
	EndGlobalSection
EndGlobal
